
Microsoft Visual Studio Solution File, Format Version 12.00
# Visual Studio 2013
VisualStudioVersion = 12.0.21005.1
MinimumVisualStudioVersion = 10.0.40219.1
Project("{FAE04EC0-301F-11D3-BF4B-00C04F79EFBC}") = "Is.Net", "Is.Net\Is.Net.csproj", "{55A501C0-300E-4578-9D24-995B018D8602}"
EndProject
Project("{FAE04EC0-301F-11D3-BF4B-00C04F79EFBC}") = "Is.Net.UnitTest", "Is.Net.UnitTest\Is.Net.UnitTest.csproj", "{3324A7D8-A6AF-4BB9-8155-23BD5671858D}"
EndProject
Global
	GlobalSection(SolutionConfigurationPlatforms) = preSolution
		Debug|Any CPU = Debug|Any CPU
		Release|Any CPU = Release|Any CPU
	EndGlobalSection
	GlobalSection(ProjectConfigurationPlatforms) = postSolution
		{55A501C0-300E-4578-9D24-995B018D8602}.Debug|Any CPU.ActiveCfg = Debug|Any CPU
		{55A501C0-300E-4578-9D24-995B018D8602}.Debug|Any CPU.Build.0 = Debug|Any CPU
		{55A501C0-300E-4578-9D24-995B018D8602}.Release|Any CPU.ActiveCfg = Release|Any CPU
		{55A501C0-300E-4578-9D24-995B018D8602}.Release|Any CPU.Build.0 = Release|Any CPU
		{3324A7D8-A6AF-4BB9-8155-23BD5671858D}.Debug|Any CPU.ActiveCfg = Debug|Any CPU
		{3324A7D8-A6AF-4BB9-8155-23BD5671858D}.Debug|Any CPU.Build.0 = Debug|Any CPU
		{3324A7D8-A6AF-4BB9-8155-23BD5671858D}.Release|Any CPU.ActiveCfg = Release|Any CPU
		{3324A7D8-A6AF-4BB9-8155-23BD5671858D}.Release|Any CPU.Build.0 = Release|Any CPU
	EndGlobalSection
	GlobalSection(SolutionProperties) = preSolution
		HideSolutionNode = FALSE
	EndGlobalSection
EndGlobal
